
Microsoft Visual Studio Solution File, Format Version 12.00
# Visual Studio Version 17
VisualStudioVersion = 17.9.34723.18
MinimumVisualStudioVersion = 10.0.40219.1
Project("{FAE04EC0-301F-11D3-BF4B-00C04F79EFBC}") = "NothwindMVCDependencyInjection", "NothwindMVCDependencyInjection\NothwindMVCDependencyInjection.csproj", "{BF614E90-C438-4392-87AB-C9A86E291AD1}"
EndProject
Global
	GlobalSection(SolutionConfigurationPlatforms) = preSolution
		Debug|Any CPU = Debug|Any CPU
		Release|Any CPU = Release|Any CPU
	EndGlobalSection
	GlobalSection(ProjectConfigurationPlatforms) = postSolution
		{BF614E90-C438-4392-87AB-C9A86E291AD1}.Debug|Any CPU.ActiveCfg = Debug|Any CPU
		{BF614E90-C438-4392-87AB-C9A86E291AD1}.Debug|Any CPU.Build.0 = Debug|Any CPU
		{BF614E90-C438-4392-87AB-C9A86E291AD1}.Release|Any CPU.ActiveCfg = Release|Any CPU
		{BF614E90-C438-4392-87AB-C9A86E291AD1}.Release|Any CPU.Build.0 = Release|Any CPU
	EndGlobalSection
	GlobalSection(SolutionProperties) = preSolution
		HideSolutionNode = FALSE
	EndGlobalSection
	GlobalSection(ExtensibilityGlobals) = postSolution
		SolutionGuid = {AB92AA8E-D743-4210-8E4E-906D518E87E7}
	EndGlobalSection
EndGlobal
